
Microsoft Visual Studio Solution File, Format Version 12.00
# Visual Studio Version 17
VisualStudioVersion = 17.2.32526.322
MinimumVisualStudioVersion = 10.0.40219.1
Project("{FAE04EC0-301F-11D3-BF4B-00C04F79EFBC}") = "THE_LOFTS.Android", "THE_LOFTS\THE_LOFTS.Android\THE_LOFTS.Android.csproj", "{17FC0A8B-43DF-435E-ADA1-1B9F053752BF}"
EndProject
Project("{FAE04EC0-301F-11D3-BF4B-00C04F79EFBC}") = "THE_LOFTS.iOS", "THE_LOFTS\THE_LOFTS.iOS\THE_LOFTS.iOS.csproj", "{33C5111B-BF75-4874-AF82-6BC38FAD1D2C}"
EndProject
Project("{9A19103F-16F7-4668-BE54-9A1E7A4F7556}") = "THE_LOFTS", "THE_LOFTS\THE_LOFTS\THE_LOFTS.csproj", "{0E761D16-CD46-4627-AABD-94FF07A6EF7D}"
EndProject
Project("{FAE04EC0-301F-11D3-BF4B-00C04F79EFBC}") = "BLL", "BLL\BLL.csproj", "{223FB109-93D5-4D67-A1BB-D6DD7AE395A6}"
EndProject
Project("{FAE04EC0-301F-11D3-BF4B-00C04F79EFBC}") = "DAL", "DAL\DAL.csproj", "{843A4373-A1CC-4190-8BF9-30FDC982C0BD}"
EndProject
Project("{FAE04EC0-301F-11D3-BF4B-00C04F79EFBC}") = "Entity", "Entity\Entity.csproj", "{FD5A1DFF-AD52-4DD8-BF40-0B1C84E92BAE}"
EndProject
Global
	GlobalSection(SolutionConfigurationPlatforms) = preSolution
		Debug|Any CPU = Debug|Any CPU
		Debug|iPhone = Debug|iPhone
		Debug|iPhoneSimulator = Debug|iPhoneSimulator
		Release|Any CPU = Release|Any CPU
		Release|iPhone = Release|iPhone
		Release|iPhoneSimulator = Release|iPhoneSimulator
	EndGlobalSection
	GlobalSection(ProjectConfigurationPlatforms) = postSolution
		{17FC0A8B-43DF-435E-ADA1-1B9F053752BF}.Debug|Any CPU.ActiveCfg = Debug|Any CPU
		{17FC0A8B-43DF-435E-ADA1-1B9F053752BF}.Debug|Any CPU.Build.0 = Debug|Any CPU
		{17FC0A8B-43DF-435E-ADA1-1B9F053752BF}.Debug|Any CPU.Deploy.0 = Debug|Any CPU
		{17FC0A8B-43DF-435E-ADA1-1B9F053752BF}.Debug|iPhone.ActiveCfg = Debug|Any CPU
		{17FC0A8B-43DF-435E-ADA1-1B9F053752BF}.Debug|iPhone.Build.0 = Debug|Any CPU
		{17FC0A8B-43DF-435E-ADA1-1B9F053752BF}.Debug|iPhone.Deploy.0 = Debug|Any CPU
		{17FC0A8B-43DF-435E-ADA1-1B9F053752BF}.Debug|iPhoneSimulator.ActiveCfg = Debug|Any CPU
		{17FC0A8B-43DF-435E-ADA1-1B9F053752BF}.Debug|iPhoneSimulator.Build.0 = Debug|Any CPU
		{17FC0A8B-43DF-435E-ADA1-1B9F053752BF}.Debug|iPhoneSimulator.Deploy.0 = Debug|Any CPU
		{17FC0A8B-43DF-435E-ADA1-1B9F053752BF}.Release|Any CPU.ActiveCfg = Release|Any CPU
		{17FC0A8B-43DF-435E-ADA1-1B9F053752BF}.Release|Any CPU.Build.0 = Release|Any CPU
		{17FC0A8B-43DF-435E-ADA1-1B9F053752BF}.Release|Any CPU.Deploy.0 = Release|Any CPU
		{17FC0A8B-43DF-435E-ADA1-1B9F053752BF}.Release|iPhone.ActiveCfg = Release|Any CPU
		{17FC0A8B-43DF-435E-ADA1-1B9F053752BF}.Release|iPhone.Build.0 = Release|Any CPU
		{17FC0A8B-43DF-435E-ADA1-1B9F053752BF}.Release|iPhone.Deploy.0 = Release|Any CPU
		{17FC0A8B-43DF-435E-ADA1-1B9F053752BF}.Release|iPhoneSimulator.ActiveCfg = Release|Any CPU
		{17FC0A8B-43DF-435E-ADA1-1B9F053752BF}.Release|iPhoneSimulator.Build.0 = Release|Any CPU
		{17FC0A8B-43DF-435E-ADA1-1B9F053752BF}.Release|iPhoneSimulator.Deploy.0 = Release|Any CPU
		{33C5111B-BF75-4874-AF82-6BC38FAD1D2C}.Debug|Any CPU.ActiveCfg = Debug|iPhone
		{33C5111B-BF75-4874-AF82-6BC38FAD1D2C}.Debug|Any CPU.Build.0 = Debug|iPhone
		{33C5111B-BF75-4874-AF82-6BC38FAD1D2C}.Debug|Any CPU.Deploy.0 = Debug|iPhone
		{33C5111B-BF75-4874-AF82-6BC38FAD1D2C}.Debug|iPhone.ActiveCfg = Debug|iPhone
		{33C5111B-BF75-4874-AF82-6BC38FAD1D2C}.Debug|iPhone.Build.0 = Debug|iPhone
		{33C5111B-BF75-4874-AF82-6BC38FAD1D2C}.Debug|iPhone.Deploy.0 = Debug|iPhone
		{33C5111B-BF75-4874-AF82-6BC38FAD1D2C}.Debug|iPhoneSimulator.ActiveCfg = Debug|iPhoneSimulator
		{33C5111B-BF75-4874-AF82-6BC38FAD1D2C}.Debug|iPhoneSimulator.Build.0 = Debug|iPhoneSimulator
		{33C5111B-BF75-4874-AF82-6BC38FAD1D2C}.Debug|iPhoneSimulator.Deploy.0 = Debug|iPhoneSimulator
		{33C5111B-BF75-4874-AF82-6BC38FAD1D2C}.Release|Any CPU.ActiveCfg = Release|iPhoneSimulator
		{33C5111B-BF75-4874-AF82-6BC38FAD1D2C}.Release|Any CPU.Build.0 = Release|iPhoneSimulator
		{33C5111B-BF75-4874-AF82-6BC38FAD1D2C}.Release|Any CPU.Deploy.0 = Release|iPhoneSimulator
		{33C5111B-BF75-4874-AF82-6BC38FAD1D2C}.Release|iPhone.ActiveCfg = Release|iPhone
		{33C5111B-BF75-4874-AF82-6BC38FAD1D2C}.Release|iPhone.Build.0 = Release|iPhone
		{33C5111B-BF75-4874-AF82-6BC38FAD1D2C}.Release|iPhone.Deploy.0 = Release|iPhone
		{33C5111B-BF75-4874-AF82-6BC38FAD1D2C}.Release|iPhoneSimulator.ActiveCfg = Release|iPhoneSimulator
		{33C5111B-BF75-4874-AF82-6BC38FAD1D2C}.Release|iPhoneSimulator.Build.0 = Release|iPhoneSimulator
		{33C5111B-BF75-4874-AF82-6BC38FAD1D2C}.Release|iPhoneSimulator.Deploy.0 = Release|iPhoneSimulator
		{0E761D16-CD46-4627-AABD-94FF07A6EF7D}.Debug|Any CPU.ActiveCfg = Debug|Any CPU
		{0E761D16-CD46-4627-AABD-94FF07A6EF7D}.Debug|Any CPU.Build.0 = Debug|Any CPU
		{0E761D16-CD46-4627-AABD-94FF07A6EF7D}.Debug|Any CPU.Deploy.0 = Debug|Any CPU
		{0E761D16-CD46-4627-AABD-94FF07A6EF7D}.Debug|iPhone.ActiveCfg = Debug|Any CPU
		{0E761D16-CD46-4627-AABD-94FF07A6EF7D}.Debug|iPhone.Build.0 = Debug|Any CPU
		{0E761D16-CD46-4627-AABD-94FF07A6EF7D}.Debug|iPhone.Deploy.0 = Debug|Any CPU
		{0E761D16-CD46-4627-AABD-94FF07A6EF7D}.Debug|iPhoneSimulator.ActiveCfg = Debug|Any CPU
		{0E761D16-CD46-4627-AABD-94FF07A6EF7D}.Debug|iPhoneSimulator.Build.0 = Debug|Any CPU
		{0E761D16-CD46-4627-AABD-94FF07A6EF7D}.Debug|iPhoneSimulator.Deploy.0 = Debug|Any CPU
		{0E761D16-CD46-4627-AABD-94FF07A6EF7D}.Release|Any CPU.ActiveCfg = Release|Any CPU
		{0E761D16-CD46-4627-AABD-94FF07A6EF7D}.Release|Any CPU.Build.0 = Release|Any CPU
		{0E761D16-CD46-4627-AABD-94FF07A6EF7D}.Release|Any CPU.Deploy.0 = Release|Any CPU
		{0E761D16-CD46-4627-AABD-94FF07A6EF7D}.Release|iPhone.ActiveCfg = Release|Any CPU
		{0E761D16-CD46-4627-AABD-94FF07A6EF7D}.Release|iPhone.Build.0 = Release|Any CPU
		{0E761D16-CD46-4627-AABD-94FF07A6EF7D}.Release|iPhone.Deploy.0 = Release|Any CPU
		{0E761D16-CD46-4627-AABD-94FF07A6EF7D}.Release|iPhoneSimulator.ActiveCfg = Release|Any CPU
		{0E761D16-CD46-4627-AABD-94FF07A6EF7D}.Release|iPhoneSimulator.Build.0 = Release|Any CPU
		{0E761D16-CD46-4627-AABD-94FF07A6EF7D}.Release|iPhoneSimulator.Deploy.0 = Release|Any CPU
		{223FB109-93D5-4D67-A1BB-D6DD7AE395A6}.Debug|Any CPU.ActiveCfg = Debug|Any CPU
		{223FB109-93D5-4D67-A1BB-D6DD7AE395A6}.Debug|Any CPU.Build.0 = Debug|Any CPU
		{223FB109-93D5-4D67-A1BB-D6DD7AE395A6}.Debug|iPhone.ActiveCfg = Debug|Any CPU
		{223FB109-93D5-4D67-A1BB-D6DD7AE395A6}.Debug|iPhone.Build.0 = Debug|Any CPU
		{223FB109-93D5-4D67-A1BB-D6DD7AE395A6}.Debug|iPhoneSimulator.ActiveCfg = Debug|Any CPU
		{223FB109-93D5-4D67-A1BB-D6DD7AE395A6}.Debug|iPhoneSimulator.Build.0 = Debug|Any CPU
		{223FB109-93D5-4D67-A1BB-D6DD7AE395A6}.Release|Any CPU.ActiveCfg = Release|Any CPU
		{223FB109-93D5-4D67-A1BB-D6DD7AE395A6}.Release|Any CPU.Build.0 = Release|Any CPU
		{223FB109-93D5-4D67-A1BB-D6DD7AE395A6}.Release|iPhone.ActiveCfg = Release|Any CPU
		{223FB109-93D5-4D67-A1BB-D6DD7AE395A6}.Release|iPhone.Build.0 = Release|Any CPU
		{223FB109-93D5-4D67-A1BB-D6DD7AE395A6}.Release|iPhoneSimulator.ActiveCfg = Release|Any CPU
		{223FB109-93D5-4D67-A1BB-D6DD7AE395A6}.Release|iPhoneSimulator.Build.0 = Release|Any CPU
		{843A4373-A1CC-4190-8BF9-30FDC982C0BD}.Debug|Any CPU.ActiveCfg = Debug|Any CPU
		{843A4373-A1CC-4190-8BF9-30FDC982C0BD}.Debug|Any CPU.Build.0 = Debug|Any CPU
		{843A4373-A1CC-4190-8BF9-30FDC982C0BD}.Debug|iPhone.ActiveCfg = Debug|Any CPU
		{843A4373-A1CC-4190-8BF9-30FDC982C0BD}.Debug|iPhone.Build.0 = Debug|Any CPU
		{843A4373-A1CC-4190-8BF9-30FDC982C0BD}.Debug|iPhoneSimulator.ActiveCfg = Debug|Any CPU
		{843A4373-A1CC-4190-8BF9-30FDC982C0BD}.Debug|iPhoneSimulator.Build.0 = Debug|Any CPU
		{843A4373-A1CC-4190-8BF9-30FDC982C0BD}.Release|Any CPU.ActiveCfg = Release|Any CPU
		{843A4373-A1CC-4190-8BF9-30FDC982C0BD}.Release|Any CPU.Build.0 = Release|Any CPU
		{843A4373-A1CC-4190-8BF9-30FDC982C0BD}.Release|iPhone.ActiveCfg = Release|Any CPU
		{843A4373-A1CC-4190-8BF9-30FDC982C0BD}.Release|iPhone.Build.0 = Release|Any CPU
		{843A4373-A1CC-4190-8BF9-30FDC982C0BD}.Release|iPhoneSimulator.ActiveCfg = Release|Any CPU
		{843A4373-A1CC-4190-8BF9-30FDC982C0BD}.Release|iPhoneSimulator.Build.0 = Release|Any CPU
		{FD5A1DFF-AD52-4DD8-BF40-0B1C84E92BAE}.Debug|Any CPU.ActiveCfg = Debug|Any CPU
		{FD5A1DFF-AD52-4DD8-BF40-0B1C84E92BAE}.Debug|Any CPU.Build.0 = Debug|Any CPU
		{FD5A1DFF-AD52-4DD8-BF40-0B1C84E92BAE}.Debug|iPhone.ActiveCfg = Debug|Any CPU
		{FD5A1DFF-AD52-4DD8-BF40-0B1C84E92BAE}.Debug|iPhone.Build.0 = Debug|Any CPU
		{FD5A1DFF-AD52-4DD8-BF40-0B1C84E92BAE}.Debug|iPhoneSimulator.ActiveCfg = Debug|Any CPU
		{FD5A1DFF-AD52-4DD8-BF40-0B1C84E92BAE}.Debug|iPhoneSimulator.Build.0 = Debug|Any CPU
		{FD5A1DFF-AD52-4DD8-BF40-0B1C84E92BAE}.Release|Any CPU.ActiveCfg = Release|Any CPU
		{FD5A1DFF-AD52-4DD8-BF40-0B1C84E92BAE}.Release|Any CPU.Build.0 = Release|Any CPU
		{FD5A1DFF-AD52-4DD8-BF40-0B1C84E92BAE}.Release|iPhone.ActiveCfg = Release|Any CPU
		{FD5A1DFF-AD52-4DD8-BF40-0B1C84E92BAE}.Release|iPhone.Build.0 = Release|Any CPU
		{FD5A1DFF-AD52-4DD8-BF40-0B1C84E92BAE}.Release|iPhoneSimulator.ActiveCfg = Release|Any CPU
		{FD5A1DFF-AD52-4DD8-BF40-0B1C84E92BAE}.Release|iPhoneSimulator.Build.0 = Release|Any CPU
	EndGlobalSection
	GlobalSection(SolutionProperties) = preSolution
		HideSolutionNode = FALSE
	EndGlobalSection
	GlobalSection(ExtensibilityGlobals) = postSolution
		SolutionGuid = {875C3ED8-3837-43FE-B1FF-2B493C2CA0A6}
	EndGlobalSection
EndGlobal
